// !$*UTF8*$!
{
	archiveVersion = 1;
	classes = {
	};
	objectVersion = 46;
	objects = {

/* Begin PBXBuildFile section */
		42997CAB18571866008D9F65 /* Cocoa.framework in Frameworks */ = {isa = PBXBuildFile; fileRef = 42997CAA18571866008D9F65 /* Cocoa.framework */; };
		42997CBC18571866008D9F65 /* XCTest.framework in Frameworks */ = {isa = PBXBuildFile; fileRef = 42997CBB18571866008D9F65 /* XCTest.framework */; };
		42997CBD18571866008D9F65 /* Cocoa.framework in Frameworks */ = {isa = PBXBuildFile; fileRef = 42997CAA18571866008D9F65 /* Cocoa.framework */; };
		42997CC018571866008D9F65 /* NeetAssertionKit.dylib in Frameworks */ = {isa = PBXBuildFile; fileRef = 42997CA718571866008D9F65 /* NeetAssertionKit.dylib */; };
		42997CC618571866008D9F65 /* InfoPlist.strings in Resources */ = {isa = PBXBuildFile; fileRef = 42997CC418571866008D9F65 /* InfoPlist.strings */; };
		42997CD318571A3E008D9F65 /* NAKAssertions.h in Headers */ = {isa = PBXBuildFile; fileRef = 42997CD118571A3E008D9F65 /* NAKAssertions.h */; };
		42997CD418571A3E008D9F65 /* NAKAssertions.m in Sources */ = {isa = PBXBuildFile; fileRef = 42997CD218571A3E008D9F65 /* NAKAssertions.m */; };
		42997CDA18574F88008D9F65 /* NAKAssertTest.m in Sources */ = {isa = PBXBuildFile; fileRef = 42997CD918574F88008D9F65 /* NAKAssertTest.m */; };
/* End PBXBuildFile section */

/* Begin PBXContainerItemProxy section */
		42997CBE18571866008D9F65 /* PBXContainerItemProxy */ = {
			isa = PBXContainerItemProxy;
			containerPortal = 42997C9F18571866008D9F65 /* Project object */;
			proxyType = 1;
			remoteGlobalIDString = 42997CA618571866008D9F65;
			remoteInfo = NeetAssertionKit;
		};
/* End PBXContainerItemProxy section */

/* Begin PBXFileReference section */
		42997CA718571866008D9F65 /* NeetAssertionKit.dylib */ = {isa = PBXFileReference; explicitFileType = "compiled.mach-o.dylib"; includeInIndex = 0; path = NeetAssertionKit.dylib; sourceTree = BUILT_PRODUCTS_DIR; };
		42997CAA18571866008D9F65 /* Cocoa.framework */ = {isa = PBXFileReference; lastKnownFileType = wrapper.framework; name = Cocoa.framework; path = System/Library/Frameworks/Cocoa.framework; sourceTree = SDKROOT; };
		42997CAD18571866008D9F65 /* Foundation.framework */ = {isa = PBXFileReference; lastKnownFileType = wrapper.framework; name = Foundation.framework; path = System/Library/Frameworks/Foundation.framework; sourceTree = SDKROOT; };
		42997CAE18571866008D9F65 /* CoreData.framework */ = {isa = PBXFileReference; lastKnownFileType = wrapper.framework; name = CoreData.framework; path = System/Library/Frameworks/CoreData.framework; sourceTree = SDKROOT; };
		42997CAF18571866008D9F65 /* AppKit.framework */ = {isa = PBXFileReference; lastKnownFileType = wrapper.framework; name = AppKit.framework; path = System/Library/Frameworks/AppKit.framework; sourceTree = SDKROOT; };
		42997CB218571866008D9F65 /* NeetAssertionKit-Prefix.pch */ = {isa = PBXFileReference; lastKnownFileType = sourcecode.c.h; path = "NeetAssertionKit-Prefix.pch"; sourceTree = "<group>"; };
		42997CBA18571866008D9F65 /* NeetAssertionKitTests.xctest */ = {isa = PBXFileReference; explicitFileType = wrapper.cfbundle; includeInIndex = 0; path = NeetAssertionKitTests.xctest; sourceTree = BUILT_PRODUCTS_DIR; };
		42997CBB18571866008D9F65 /* XCTest.framework */ = {isa = PBXFileReference; lastKnownFileType = wrapper.framework; name = XCTest.framework; path = Library/Frameworks/XCTest.framework; sourceTree = DEVELOPER_DIR; };
		42997CC318571866008D9F65 /* NeetAssertionKitTests-Info.plist */ = {isa = PBXFileReference; lastKnownFileType = text.plist.xml; path = "NeetAssertionKitTests-Info.plist"; sourceTree = "<group>"; };
		42997CC518571866008D9F65 /* en */ = {isa = PBXFileReference; lastKnownFileType = text.plist.strings; name = en; path = en.lproj/InfoPlist.strings; sourceTree = "<group>"; };
		42997CD118571A3E008D9F65 /* NAKAssertions.h */ = {isa = PBXFileReference; fileEncoding = 4; lastKnownFileType = sourcecode.c.h; path = NAKAssertions.h; sourceTree = "<group>"; };
		42997CD218571A3E008D9F65 /* NAKAssertions.m */ = {isa = PBXFileReference; fileEncoding = 4; lastKnownFileType = sourcecode.c.objc; path = NAKAssertions.m; sourceTree = "<group>"; };
		42997CD918574F88008D9F65 /* NAKAssertTest.m */ = {isa = PBXFileReference; fileEncoding = 4; lastKnownFileType = sourcecode.c.objc; path = NAKAssertTest.m; sourceTree = "<group>"; };
		42997CDB18575032008D9F65 /* NeetAssertionKit.h */ = {isa = PBXFileReference; lastKnownFileType = sourcecode.c.h; path = NeetAssertionKit.h; sourceTree = "<group>"; };
/* End PBXFileReference section */

/* Begin PBXFrameworksBuildPhase section */
		42997CA418571866008D9F65 /* Frameworks */ = {
			isa = PBXFrameworksBuildPhase;
			buildActionMask = 2147483647;
			files = (
				42997CAB18571866008D9F65 /* Cocoa.framework in Frameworks */,
			);
			runOnlyForDeploymentPostprocessing = 0;
		};
		42997CB718571866008D9F65 /* Frameworks */ = {
			isa = PBXFrameworksBuildPhase;
			buildActionMask = 2147483647;
			files = (
				42997CBD18571866008D9F65 /* Cocoa.framework in Frameworks */,
				42997CBC18571866008D9F65 /* XCTest.framework in Frameworks */,
				42997CC018571866008D9F65 /* NeetAssertionKit.dylib in Frameworks */,
			);
			runOnlyForDeploymentPostprocessing = 0;
		};
/* End PBXFrameworksBuildPhase section */

/* Begin PBXGroup section */
		42997C9E18571866008D9F65 = {
			isa = PBXGroup;
			children = (
				42997CB018571866008D9F65 /* NeetAssertionKit */,
				42997CC118571866008D9F65 /* NeetAssertionKitTests */,
				42997CA918571866008D9F65 /* Frameworks */,
				42997CA818571866008D9F65 /* Products */,
			);
			sourceTree = "<group>";
		};
		42997CA818571866008D9F65 /* Products */ = {
			isa = PBXGroup;
			children = (
				42997CA718571866008D9F65 /* NeetAssertionKit.dylib */,
				42997CBA18571866008D9F65 /* NeetAssertionKitTests.xctest */,
			);
			name = Products;
			sourceTree = "<group>";
		};
		42997CA918571866008D9F65 /* Frameworks */ = {
			isa = PBXGroup;
			children = (
				42997CAA18571866008D9F65 /* Cocoa.framework */,
				42997CBB18571866008D9F65 /* XCTest.framework */,
				42997CAC18571866008D9F65 /* Other Frameworks */,
			);
			name = Frameworks;
			sourceTree = "<group>";
		};
		42997CAC18571866008D9F65 /* Other Frameworks */ = {
			isa = PBXGroup;
			children = (
				42997CAD18571866008D9F65 /* Foundation.framework */,
				42997CAE18571866008D9F65 /* CoreData.framework */,
				42997CAF18571866008D9F65 /* AppKit.framework */,
			);
			name = "Other Frameworks";
			sourceTree = "<group>";
		};
		42997CB018571866008D9F65 /* NeetAssertionKit */ = {
			isa = PBXGroup;
			children = (
				42997CDB18575032008D9F65 /* NeetAssertionKit.h */,
				42997CD118571A3E008D9F65 /* NAKAssertions.h */,
				42997CD218571A3E008D9F65 /* NAKAssertions.m */,
				42997CB118571866008D9F65 /* Supporting Files */,
			);
			path = NeetAssertionKit;
			sourceTree = "<group>";
		};
		42997CB118571866008D9F65 /* Supporting Files */ = {
			isa = PBXGroup;
			children = (
				42997CB218571866008D9F65 /* NeetAssertionKit-Prefix.pch */,
			);
			name = "Supporting Files";
			sourceTree = "<group>";
		};
		42997CC118571866008D9F65 /* NeetAssertionKitTests */ = {
			isa = PBXGroup;
			children = (
				42997CD918574F88008D9F65 /* NAKAssertTest.m */,
				42997CC218571866008D9F65 /* Supporting Files */,
			);
			path = NeetAssertionKitTests;
			sourceTree = "<group>";
		};
		42997CC218571866008D9F65 /* Supporting Files */ = {
			isa = PBXGroup;
			children = (
				42997CC318571866008D9F65 /* NeetAssertionKitTests-Info.plist */,
				42997CC418571866008D9F65 /* InfoPlist.strings */,
			);
			name = "Supporting Files";
			sourceTree = "<group>";
		};
/* End PBXGroup section */

/* Begin PBXHeadersBuildPhase section */
		42997CA518571866008D9F65 /* Headers */ = {
			isa = PBXHeadersBuildPhase;
			buildActionMask = 2147483647;
			files = (
				42997CD318571A3E008D9F65 /* NAKAssertions.h in Headers */,
			);
			runOnlyForDeploymentPostprocessing = 0;
		};
/* End PBXHeadersBuildPhase section */

/* Begin PBXNativeTarget section */
		42997CA618571866008D9F65 /* NeetAssertionKit */ = {
			isa = PBXNativeTarget;
			buildConfigurationList = 42997CCB18571866008D9F65 /* Build configuration list for PBXNativeTarget "NeetAssertionKit" */;
			buildPhases = (
				42997CA318571866008D9F65 /* Sources */,
				42997CA418571866008D9F65 /* Frameworks */,
				42997CA518571866008D9F65 /* Headers */,
			);
			buildRules = (
			);
			dependencies = (
			);
			name = NeetAssertionKit;
			productName = NeetAssertionKit;
			productReference = 42997CA718571866008D9F65 /* NeetAssertionKit.dylib */;
			productType = "com.apple.product-type.library.dynamic";
		};
		42997CB918571866008D9F65 /* NeetAssertionKitTests */ = {
			isa = PBXNativeTarget;
			buildConfigurationList = 42997CCE18571866008D9F65 /* Build configuration list for PBXNativeTarget "NeetAssertionKitTests" */;
			buildPhases = (
				42997CB618571866008D9F65 /* Sources */,
				42997CB718571866008D9F65 /* Frameworks */,
				42997CB818571866008D9F65 /* Resources */,
			);
			buildRules = (
			);
			dependencies = (
				42997CBF18571866008D9F65 /* PBXTargetDependency */,
			);
			name = NeetAssertionKitTests;
			productName = NeetAssertionKitTests;
			productReference = 42997CBA18571866008D9F65 /* NeetAssertionKitTests.xctest */;
			productType = "com.apple.product-type.bundle.unit-test";
		};
/* End PBXNativeTarget section */

/* Begin PBXProject section */
		42997C9F18571866008D9F65 /* Project object */ = {
			isa = PBXProject;
			attributes = {
				LastUpgradeCheck = 0500;
				ORGANIZATIONNAME = neethouse.org;
				TargetAttributes = {
					42997CB918571866008D9F65 = {
						TestTargetID = 42997CA618571866008D9F65;
					};
				};
			};
			buildConfigurationList = 42997CA218571866008D9F65 /* Build configuration list for PBXProject "NeetAssertionKit" */;
			compatibilityVersion = "Xcode 3.2";
			developmentRegion = English;
			hasScannedForEncodings = 0;
			knownRegions = (
				en,
			);
			mainGroup = 42997C9E18571866008D9F65;
			productRefGroup = 42997CA818571866008D9F65 /* Products */;
			projectDirPath = "";
			projectRoot = "";
			targets = (
				42997CA618571866008D9F65 /* NeetAssertionKit */,
				42997CB918571866008D9F65 /* NeetAssertionKitTests */,
			);
		};
/* End PBXProject section */

/* Begin PBXResourcesBuildPhase section */
		42997CB818571866008D9F65 /* Resources */ = {
			isa = PBXResourcesBuildPhase;
			buildActionMask = 2147483647;
			files = (
				42997CC618571866008D9F65 /* InfoPlist.strings in Resources */,
			);
			runOnlyForDeploymentPostprocessing = 0;
		};
/* End PBXResourcesBuildPhase section */

/* Begin PBXSourcesBuildPhase section */
		42997CA318571866008D9F65 /* Sources */ = {
			isa = PBXSourcesBuildPhase;
			buildActionMask = 2147483647;
			files = (
				42997CD418571A3E008D9F65 /* NAKAssertions.m in Sources */,
			);
			runOnlyForDeploymentPostprocessing = 0;
		};
		42997CB618571866008D9F65 /* Sources */ = {
			isa = PBXSourcesBuildPhase;
			buildActionMask = 2147483647;
			files = (
				42997CDA18574F88008D9F65 /* NAKAssertTest.m in Sources */,
			);
			runOnlyForDeploymentPostprocessing = 0;
		};
/* End PBXSourcesBuildPhase section */

/* Begin PBXTargetDependency section */
		42997CBF18571866008D9F65 /* PBXTargetDependency */ = {
			isa = PBXTargetDependency;
			target = 42997CA618571866008D9F65 /* NeetAssertionKit */;
			targetProxy = 42997CBE18571866008D9F65 /* PBXContainerItemProxy */;
		};
/* End PBXTargetDependency section */

/* Begin PBXVariantGroup section */
		42997CC418571866008D9F65 /* InfoPlist.strings */ = {
			isa = PBXVariantGroup;
			children = (
				42997CC518571866008D9F65 /* en */,
			);
			name = InfoPlist.strings;
			sourceTree = "<group>";
		};
/* End PBXVariantGroup section */

/* Begin XCBuildConfiguration section */
		42997CC918571866008D9F65 /* Debug */ = {
			isa = XCBuildConfiguration;
			buildSettings = {
				ALWAYS_SEARCH_USER_PATHS = NO;
				CLANG_CXX_LANGUAGE_STANDARD = "gnu++0x";
				CLANG_CXX_LIBRARY = "libc++";
				CLANG_ENABLE_OBJC_ARC = YES;
				CLANG_WARN_BOOL_CONVERSION = YES;
				CLANG_WARN_CONSTANT_CONVERSION = YES;
				CLANG_WARN_DIRECT_OBJC_ISA_USAGE = YES_ERROR;
				CLANG_WARN_EMPTY_BODY = YES;
				CLANG_WARN_ENUM_CONVERSION = YES;
				CLANG_WARN_INT_CONVERSION = YES;
				CLANG_WARN_OBJC_ROOT_CLASS = YES_ERROR;
				CLANG_WARN__DUPLICATE_METHOD_MATCH = YES;
				COPY_PHASE_STRIP = NO;
				GCC_C_LANGUAGE_STANDARD = gnu99;
				GCC_DYNAMIC_NO_PIC = NO;
				GCC_ENABLE_OBJC_EXCEPTIONS = YES;
				GCC_OPTIMIZATION_LEVEL = 0;
				GCC_PREPROCESSOR_DEFINITIONS = (
					"DEBUG=1",
					"$(inherited)",
				);
				GCC_SYMBOLS_PRIVATE_EXTERN = NO;
				GCC_WARN_64_TO_32_BIT_CONVERSION = YES;
				GCC_WARN_ABOUT_RETURN_TYPE = YES_ERROR;
				GCC_WARN_UNDECLARED_SELECTOR = YES;
				GCC_WARN_UNINITIALIZED_AUTOS = YES;
				GCC_WARN_UNUSED_FUNCTION = YES;
				GCC_WARN_UNUSED_VARIABLE = YES;
				MACOSX_DEPLOYMENT_TARGET = 10.8;
				ONLY_ACTIVE_ARCH = YES;
				SDKROOT = macosx;
			};
			name = Debug;
		};
		42997CCA18571866008D9F65 /* Release */ = {
			isa = XCBuildConfiguration;
			buildSettings = {
				ALWAYS_SEARCH_USER_PATHS = NO;
				CLANG_CXX_LANGUAGE_STANDARD = "gnu++0x";
				CLANG_CXX_LIBRARY = "libc++";
				CLANG_ENABLE_OBJC_ARC = YES;
				CLANG_WARN_BOOL_CONVERSION = YES;
				CLANG_WARN_CONSTANT_CONVERSION = YES;
				CLANG_WARN_DIRECT_OBJC_ISA_USAGE = YES_ERROR;
				CLANG_WARN_EMPTY_BODY = YES;
				CLANG_WARN_ENUM_CONVERSION = YES;
				CLANG_WARN_INT_CONVERSION = YES;
				CLANG_WARN_OBJC_ROOT_CLASS = YES_ERROR;
				CLANG_WARN__DUPLICATE_METHOD_MATCH = YES;
				COPY_PHASE_STRIP = YES;
				DEBUG_INFORMATION_FORMAT = "dwarf-with-dsym";
				ENABLE_NS_ASSERTIONS = NO;
				GCC_C_LANGUAGE_STANDARD = gnu99;
				GCC_ENABLE_OBJC_EXCEPTIONS = YES;
				GCC_WARN_64_TO_32_BIT_CONVERSION = YES;
				GCC_WARN_ABOUT_RETURN_TYPE = YES_ERROR;
				GCC_WARN_UNDECLARED_SELECTOR = YES;
				GCC_WARN_UNINITIALIZED_AUTOS = YES;
				GCC_WARN_UNUSED_FUNCTION = YES;
				GCC_WARN_UNUSED_VARIABLE = YES;
				MACOSX_DEPLOYMENT_TARGET = 10.8;
				SDKROOT = macosx;
			};
			name = Release;
		};
		42997CCC18571866008D9F65 /* Debug */ = {
			isa = XCBuildConfiguration;
			buildSettings = {
				DYLIB_COMPATIBILITY_VERSION = 1;
				DYLIB_CURRENT_VERSION = 1;
				GCC_PRECOMPILE_PREFIX_HEADER = YES;
				GCC_PREFIX_HEADER = "NeetAssertionKit/NeetAssertionKit-Prefix.pch";
				PRODUCT_NAME = "$(TARGET_NAME)";
			};
			name = Debug;
		};
		42997CCD18571866008D9F65 /* Release */ = {
			isa = XCBuildConfiguration;
			buildSettings = {
				DYLIB_COMPATIBILITY_VERSION = 1;
				DYLIB_CURRENT_VERSION = 1;
				GCC_PRECOMPILE_PREFIX_HEADER = YES;
				GCC_PREFIX_HEADER = "NeetAssertionKit/NeetAssertionKit-Prefix.pch";
				PRODUCT_NAME = "$(TARGET_NAME)";
			};
			name = Release;
		};
		42997CCF18571866008D9F65 /* Debug */ = {
			isa = XCBuildConfiguration;
			buildSettings = {
				BUNDLE_LOADER = "$(BUILT_PRODUCTS_DIR)/NeetAssertionKit.dylib";
				COMBINE_HIDPI_IMAGES = YES;
				FRAMEWORK_SEARCH_PATHS = (
					"$(DEVELOPER_FRAMEWORKS_DIR)",
					"$(inherited)",
				);
				GCC_PRECOMPILE_PREFIX_HEADER = YES;
				GCC_PREFIX_HEADER = "NeetAssertionKit/NeetAssertionKit-Prefix.pch";
				GCC_PREPROCESSOR_DEFINITIONS = (
					"DEBUG=1",
					"$(inherited)",
				);
				INFOPLIST_FILE = "NeetAssertionKitTests/NeetAssertionKitTests-Info.plist";
				PRODUCT_NAME = "$(TARGET_NAME)";
				TEST_HOST = "$(BUNDLE_LOADER)";
				WRAPPER_EXTENSION = xctest;
			};
			name = Debug;
		};
		42997CD018571866008D9F65 /* Release */ = {
			isa = XCBuildConfiguration;
			buildSettings = {
				BUNDLE_LOADER = "$(BUILT_PRODUCTS_DIR)/NeetAssertionKit.dylib";
				COMBINE_HIDPI_IMAGES = YES;
				FRAMEWORK_SEARCH_PATHS = (
					"$(DEVELOPER_FRAMEWORKS_DIR)",
					"$(inherited)",
				);
				GCC_PRECOMPILE_PREFIX_HEADER = YES;
				GCC_PREFIX_HEADER = "NeetAssertionKit/NeetAssertionKit-Prefix.pch";
				INFOPLIST_FILE = "NeetAssertionKitTests/NeetAssertionKitTests-Info.plist";
				PRODUCT_NAME = "$(TARGET_NAME)";
				TEST_HOST = "$(BUNDLE_LOADER)";
				WRAPPER_EXTENSION = xctest;
			};
			name = Release;
		};
/* End XCBuildConfiguration section */

/* Begin XCConfigurationList section */
		42997CA218571866008D9F65 /* Build configuration list for PBXProject "NeetAssertionKit" */ = {
			isa = XCConfigurationList;
			buildConfigurations = (
				42997CC918571866008D9F65 /* Debug */,
				42997CCA18571866008D9F65 /* Release */,
			);
			defaultConfigurationIsVisible = 0;
			defaultConfigurationName = Release;
		};
		42997CCB18571866008D9F65 /* Build configuration list for PBXNativeTarget "NeetAssertionKit" */ = {
			isa = XCConfigurationList;
			buildConfigurations = (
				42997CCC18571866008D9F65 /* Debug */,
				42997CCD18571866008D9F65 /* Release */,
			);
			defaultConfigurationIsVisible = 0;
			defaultConfigurationName = Release;
		};
		42997CCE18571866008D9F65 /* Build configuration list for PBXNativeTarget "NeetAssertionKitTests" */ = {
			isa = XCConfigurationList;
			buildConfigurations = (
				42997CCF18571866008D9F65 /* Debug */,
				42997CD018571866008D9F65 /* Release */,
			);
			defaultConfigurationIsVisible = 0;
			defaultConfigurationName = Release;
		};
/* End XCConfigurationList section */
	};
	rootObject = 42997C9F18571866008D9F65 /* Project object */;
}
